
Microsoft Visual Studio Solution File, Format Version 12.00
# Visual Studio Version 16
VisualStudioVersion = 16.0.33027.164
MinimumVisualStudioVersion = 10.0.40219.1
Project("{FAE04EC0-301F-11D3-BF4B-00C04F79EFBC}") = "ordenaCaixas", "ordenaCaixas.csproj", "{8E170F16-2660-43A4-83F2-153DDBDAF880}"
EndProject
Global
	GlobalSection(SolutionConfigurationPlatforms) = preSolution
		Debug|Any CPU = Debug|Any CPU
		Release|Any CPU = Release|Any CPU
	EndGlobalSection
	GlobalSection(ProjectConfigurationPlatforms) = postSolution
		{8E170F16-2660-43A4-83F2-153DDBDAF880}.Debug|Any CPU.ActiveCfg = Debug|Any CPU
		{8E170F16-2660-43A4-83F2-153DDBDAF880}.Debug|Any CPU.Build.0 = Debug|Any CPU
		{8E170F16-2660-43A4-83F2-153DDBDAF880}.Release|Any CPU.ActiveCfg = Release|Any CPU
		{8E170F16-2660-43A4-83F2-153DDBDAF880}.Release|Any CPU.Build.0 = Release|Any CPU
	EndGlobalSection
	GlobalSection(SolutionProperties) = preSolution
		HideSolutionNode = FALSE
	EndGlobalSection
	GlobalSection(ExtensibilityGlobals) = postSolution
		SolutionGuid = {71631FA9-50A2-465C-8004-30E743D77BBF}
	EndGlobalSection
EndGlobal
